{
  "nodes": {
    "common": {
      "locked": {
        "lastModified": 1713697586,
        "narHash": "sha256-BbgnQQhOCEe4BBJMKih7Q3B5H4Q+SdOnGT3lDKWzo7Y=",
        "owner": "stary2001",
        "repo": "nix-common",
        "rev": "3cefe8d6558fe06432347d2f93edbd3722f6bd8e",
        "type": "github"
      },
      "original": {
        "owner": "stary2001",
        "repo": "nix-common",
        "type": "github"
      }
    },
    "nixpkgs": {
      "locked": {
        "lastModified": 1714531828,
        "narHash": "sha256-ILsf3bdY/hNNI/Hu5bSt2/KbmHaAVhBbNUOdGztTHEg=",
        "owner": "NixOS",
        "repo": "nixpkgs",
        "rev": "0638fe2715d998fa81d173aad264eb671ce2ebc1",
        "type": "github"
      },
      "original": {
        "owner": "NixOS",
        "ref": "nixos-23.11",
        "repo": "nixpkgs",
        "type": "github"
      }
    },
    "root": {
      "inputs": {
        "common": "common",
        "nixpkgs": "nixpkgs"
      }
    }
  },
  "root": "root",
  "version": 7
}
